# This is a Gradle generated file for dependency locking.
# Manual edits can break the build and are not advised.
# This file is expected to be part of source control.
# To regenerate this file, run: ./gradlew dependencies --write-locks
aopalliance:aopalliance:1.0=classpath
com.diffplug.durian:durian-collect:1.2.0=classpath
com.diffplug.durian:durian-core:1.2.0=classpath
com.diffplug.durian:durian-io:1.2.0=classpath
com.diffplug.durian:durian-swt.os:4.3.0=classpath
com.diffplug.spotless:com.diffplug.spotless.gradle.plugin:8.10.0=classpath
com.diffplug.spotless:spotless-lib-extra:4.10.0=classpath
com.diffplug.spotless:spotless-lib:4.10.0=classpath
com.diffplug.spotless:spotless-plugin-gradle:8.10.0=classpath
com.ethlo.time:itu:1.14.0=classpath
com.fasterxml.jackson.core:jackson-annotations:2.22=classpath
com.fasterxml.jackson.core:jackson-core:2.22.1=classpath
com.fasterxml.jackson.core:jackson-databind:2.22.1=classpath
com.fasterxml.jackson.dataformat:jackson-dataformat-xml:2.22.1=classpath
com.fasterxml.jackson.dataformat:jackson-dataformat-yaml:2.22.1=classpath
com.fasterxml.jackson:jackson-bom:2.22.1=classpath
com.fasterxml.woodstox:woodstox-core:7.2.0=classpath
com.github.jk1.dependency-license-report:com.github.jk1.dependency-license-report.gradle.plugin:3.1.4=classpath
com.github.jk1:gradle-license-report:3.1.4=classpath
com.github.package-url:packageurl-java:1.5.0=classpath
com.github.siom79.japicmp:japicmp:0.23.1=classpath
com.google.guava:failureaccess:1.0.3=classpath
com.google.guava:guava:33.6.0-jre=classpath
com.google.inject:guice:5.1.0=classpath
com.googlecode.concurrent-trees:concurrent-trees:2.6.1=classpath
com.googlecode.javaewah:JavaEWAH:1.2.3=classpath
com.networknt:json-schema-validator:2.0.4=classpath
com.squareup.okhttp3:okhttp:4.12.0=classpath
com.squareup.okio:okio-jvm:3.6.0=classpath
com.squareup.okio:okio:3.6.0=classpath
com.sun.istack:istack-commons-runtime:3.0.8=classpath
com.sun.xml.fastinfoset:FastInfoset:1.2.16=classpath
commons-codec:commons-codec:1.22.1=classpath
commons-io:commons-io:2.22.0=classpath
dev.equo.ide:solstice:1.8.2=classpath
info.solidsoft.gradle.pitest:gradle-pitest-plugin:1.19.0=classpath
info.solidsoft.pitest:info.solidsoft.pitest.gradle.plugin:1.19.0=classpath
jakarta.activation:jakarta.activation-api:1.2.1=classpath
jakarta.xml.bind:jakarta.xml.bind-api:2.3.2=classpath
javax.inject:javax.inject:1=classpath
me.champeau.gradle.japicmp:me.champeau.gradle.japicmp.gradle.plugin:0.4.6=classpath
me.champeau.gradle:japicmp-gradle-plugin:0.4.6=classpath
net.ltgt.errorprone:net.ltgt.errorprone.gradle.plugin:5.1.0=classpath
net.ltgt.gradle:gradle-errorprone-plugin:5.1.0=classpath
org.apache.commons:commons-collections4:4.5.0=classpath
org.apache.commons:commons-lang3:3.18.0=classpath
org.apache.maven.resolver:maven-resolver-api:1.9.27=classpath
org.apache.maven.resolver:maven-resolver-impl:1.9.27=classpath
org.apache.maven.resolver:maven-resolver-named-locks:1.9.27=classpath
org.apache.maven.resolver:maven-resolver-spi:1.9.27=classpath
org.apache.maven.resolver:maven-resolver-util:1.9.27=classpath
org.apache.maven.shared:maven-shared-utils:3.4.2=classpath
org.apache.maven:maven-artifact:3.9.16=classpath
org.apache.maven:maven-builder-support:3.9.16=classpath
org.apache.maven:maven-core:3.9.16=classpath
org.apache.maven:maven-model-builder:3.9.16=classpath
org.apache.maven:maven-model:3.9.16=classpath
org.apache.maven:maven-plugin-api:3.9.16=classpath
org.apache.maven:maven-repository-metadata:3.9.16=classpath
org.apache.maven:maven-resolver-provider:3.9.16=classpath
org.apache.maven:maven-settings-builder:3.9.16=classpath
org.apache.maven:maven-settings:3.9.16=classpath
org.codehaus.plexus:plexus-cipher:2.0=classpath
org.codehaus.plexus:plexus-classworlds:2.11.0=classpath
org.codehaus.plexus:plexus-component-annotations:2.2.0=classpath
org.codehaus.plexus:plexus-interpolation:1.29=classpath
org.codehaus.plexus:plexus-sec-dispatcher:2.0=classpath
org.codehaus.plexus:plexus-utils:3.6.1=classpath
org.codehaus.woodstox:stax2-api:4.3.0=classpath
org.cyclonedx.bom:org.cyclonedx.bom.gradle.plugin:3.4.1=classpath
org.cyclonedx:cyclonedx-core-java:13.1.0=classpath
org.cyclonedx:cyclonedx-gradle-plugin:3.4.1=classpath
org.eclipse.jgit:org.eclipse.jgit:7.7.1.202607240634-r=classpath
org.eclipse.platform:org.eclipse.osgi:3.24.200=classpath
org.eclipse.sisu:org.eclipse.sisu.inject:1.0.0=classpath
org.eclipse.sisu:org.eclipse.sisu.plexus:1.0.0=classpath
org.glassfish.jaxb:jaxb-runtime:2.3.2=classpath
org.glassfish.jaxb:txw2:2.3.2=classpath
org.javassist:javassist:3.30.2-GA=classpath
org.jetbrains.kotlin:kotlin-stdlib-common:1.9.10=classpath
org.jetbrains.kotlin:kotlin-stdlib-jdk7:1.9.10=classpath
org.jetbrains.kotlin:kotlin-stdlib-jdk8:1.9.10=classpath
org.jetbrains.kotlin:kotlin-stdlib:1.9.10=classpath
org.jetbrains:annotations:13.0=classpath
org.jspecify:jspecify:1.0.1=classpath
org.jvnet.staxex:stax-ex:1.8.1=classpath
org.ow2.asm:asm:9.9.1=classpath
org.slf4j:slf4j-api:2.0.18=classpath
org.tukaani:xz:1.9=classpath
org.yaml:snakeyaml:2.5=classpath
empty=
