# This is a Gradle generated file for dependency locking.
# Manual edits can break the build and are not advised.
# This file is expected to be part of source control.
# To regenerate this file, run: ./gradlew dependencies --write-locks
com.diffplug.durian:durian-collect:1.2.0=classpath
com.diffplug.durian:durian-core:1.2.0=classpath
com.diffplug.durian:durian-io:1.2.0=classpath
com.diffplug.durian:durian-swt.os:4.3.0=classpath
com.diffplug.spotless:com.diffplug.spotless.gradle.plugin:8.10.0=classpath
com.diffplug.spotless:spotless-lib-extra:4.10.0=classpath
com.diffplug.spotless:spotless-lib:4.10.0=classpath
com.diffplug.spotless:spotless-plugin-gradle:8.10.0=classpath
com.github.siom79.japicmp:japicmp:0.23.1=classpath
com.googlecode.concurrent-trees:concurrent-trees:2.6.1=classpath
com.googlecode.javaewah:JavaEWAH:1.2.3=classpath
com.squareup.okhttp3:okhttp:4.12.0=classpath
com.squareup.okio:okio-jvm:3.6.0=classpath
com.squareup.okio:okio:3.6.0=classpath
com.sun.istack:istack-commons-runtime:3.0.8=classpath
com.sun.xml.fastinfoset:FastInfoset:1.2.16=classpath
commons-codec:commons-codec:1.22.0=classpath
dev.equo.ide:solstice:1.8.2=classpath
info.solidsoft.gradle.pitest:gradle-pitest-plugin:1.19.0=classpath
info.solidsoft.pitest:info.solidsoft.pitest.gradle.plugin:1.19.0=classpath
jakarta.activation:jakarta.activation-api:1.2.1=classpath
jakarta.xml.bind:jakarta.xml.bind-api:2.3.2=classpath
me.champeau.gradle.japicmp:me.champeau.gradle.japicmp.gradle.plugin:0.4.6=classpath
me.champeau.gradle:japicmp-gradle-plugin:0.4.6=classpath
net.ltgt.errorprone:net.ltgt.errorprone.gradle.plugin:5.1.0=classpath
net.ltgt.gradle:gradle-errorprone-plugin:5.1.0=classpath
org.eclipse.jgit:org.eclipse.jgit:7.7.1.202607240634-r=classpath
org.eclipse.platform:org.eclipse.osgi:3.24.200=classpath
org.glassfish.jaxb:jaxb-runtime:2.3.2=classpath
org.glassfish.jaxb:txw2:2.3.2=classpath
org.javassist:javassist:3.30.2-GA=classpath
org.jetbrains.kotlin:kotlin-stdlib-common:1.9.10=classpath
org.jetbrains.kotlin:kotlin-stdlib-jdk7:1.9.10=classpath
org.jetbrains.kotlin:kotlin-stdlib-jdk8:1.9.10=classpath
org.jetbrains.kotlin:kotlin-stdlib:1.9.10=classpath
org.jetbrains:annotations:13.0=classpath
org.jvnet.staxex:stax-ex:1.8.1=classpath
org.slf4j:slf4j-api:2.0.18=classpath
org.tukaani:xz:1.9=classpath
empty=
