# This is a Gradle generated file for dependency locking.
# Manual edits can break the build and are not advised.
# This file is expected to be part of source control.
# To regenerate this file, run: ./gradlew :gnomish-plugin-api:sample:dependencies --write-locks
com.github.ben-manes.caffeine:caffeine:3.0.5=annotationProcessor,testAnnotationProcessor
com.github.kevinstern:software-and-algorithms:1.0=annotationProcessor,testAnnotationProcessor
com.google.auto.service:auto-service-annotations:1.0.1=annotationProcessor,testAnnotationProcessor
com.google.auto.value:auto-value-annotations:1.9=annotationProcessor,testAnnotationProcessor
com.google.auto:auto-common:1.2.2=annotationProcessor,testAnnotationProcessor
com.google.errorprone:error_prone_annotation:2.50.0=annotationProcessor,testAnnotationProcessor
com.google.errorprone:error_prone_annotations:2.50.0=annotationProcessor,testAnnotationProcessor
com.google.errorprone:error_prone_check_api:2.50.0=annotationProcessor,testAnnotationProcessor
com.google.errorprone:error_prone_core:2.50.0=annotationProcessor,testAnnotationProcessor
com.google.googlejavaformat:google-java-format:1.35.0=annotationProcessor,testAnnotationProcessor
com.google.guava:failureaccess:1.0.3=annotationProcessor,testAnnotationProcessor
com.google.guava:guava:33.5.0-jre=annotationProcessor,testAnnotationProcessor
com.google.guava:listenablefuture:9999.0-empty-to-avoid-conflict-with-guava=annotationProcessor,testAnnotationProcessor
com.google.j2objc:j2objc-annotations:3.1=annotationProcessor,testAnnotationProcessor
com.google.protobuf:protobuf-java:4.33.2=annotationProcessor,testAnnotationProcessor
com.uber.nullaway:nullaway:0.13.8=annotationProcessor,testAnnotationProcessor
io.github.eisop:dataflow-errorprone:3.41.0-eisop1=annotationProcessor,testAnnotationProcessor
io.github.java-diff-utils:java-diff-utils:4.12=annotationProcessor,testAnnotationProcessor
javax.inject:javax.inject:1=annotationProcessor,testAnnotationProcessor
org.checkerframework:checker-qual:4.0.0=annotationProcessor,testAnnotationProcessor
org.checkerframework:dataflow-nullaway:4.0.0=annotationProcessor,testAnnotationProcessor
org.jacoco:org.jacoco.agent:0.8.15=jacocoAgent,jacocoAnt
org.jacoco:org.jacoco.ant:0.8.15=jacocoAnt
org.jacoco:org.jacoco.core:0.8.15=jacocoAnt
org.jacoco:org.jacoco.report:0.8.15=jacocoAnt
org.jetbrains.kotlin:kotlin-metadata-jvm:2.4.0=dependencyAnalysisKotlinMetadataClasspath
org.jspecify:jspecify:1.0.0=annotationProcessor,testAnnotationProcessor
org.jspecify:jspecify:1.0.1=compileClasspath
org.ow2.asm:asm-commons:9.10.1=jacocoAnt
org.ow2.asm:asm-tree:9.10.1=jacocoAnt
org.ow2.asm:asm:9.10.1=jacocoAnt
org.pcollections:pcollections:4.0.1=annotationProcessor,testAnnotationProcessor
org.slf4j:slf4j-api:2.0.18=runtimeClasspath,testRuntimeClasspath
org.springframework.boot:spring-boot-dependencies:4.1.0=runtimeClasspath,testRuntimeClasspath
empty=testCompileClasspath
